
Microsoft Visual Studio Solution File, Format Version 12.00
# Visual Studio Version 17
VisualStudioVersion = 17.0.31521.260
MinimumVisualStudioVersion = 10.0.40219.1
Project("{FAE04EC0-301F-11D3-BF4B-00C04F79EFBC}") = "RTools", "RTools.csproj", "{340E1955-938A-4FC7-9BF4-5EB5509BA18B}"
EndProject
Global
	GlobalSection(SolutionConfigurationPlatforms) = preSolution
		Debug|Any CPU = Debug|Any CPU
		Debug|x86 = Debug|x86
		Release|Any CPU = Release|Any CPU
		Release|x86 = Release|x86
	EndGlobalSection
	GlobalSection(ProjectConfigurationPlatforms) = postSolution
		{340E1955-938A-4FC7-9BF4-5EB5509BA18B}.Debug|Any CPU.ActiveCfg = Debug|Any CPU
		{340E1955-938A-4FC7-9BF4-5EB5509BA18B}.Debug|Any CPU.Build.0 = Debug|Any CPU
		{340E1955-938A-4FC7-9BF4-5EB5509BA18B}.Debug|x86.ActiveCfg = Debug|Any CPU
		{340E1955-938A-4FC7-9BF4-5EB5509BA18B}.Debug|x86.Build.0 = Debug|Any CPU
		{340E1955-938A-4FC7-9BF4-5EB5509BA18B}.Release|Any CPU.ActiveCfg = Release|Any CPU
		{340E1955-938A-4FC7-9BF4-5EB5509BA18B}.Release|Any CPU.Build.0 = Release|Any CPU
		{340E1955-938A-4FC7-9BF4-5EB5509BA18B}.Release|x86.ActiveCfg = Release|x86
		{340E1955-938A-4FC7-9BF4-5EB5509BA18B}.Release|x86.Build.0 = Release|x86
	EndGlobalSection
	GlobalSection(SolutionProperties) = preSolution
		HideSolutionNode = FALSE
	EndGlobalSection
	GlobalSection(ExtensibilityGlobals) = postSolution
		SolutionGuid = {161A7756-2E76-4693-826F-2043CF17BE5F}
	EndGlobalSection
EndGlobal
